
Microsoft Visual Studio Solution File, Format Version 12.00
# Visual Studio Version 16
VisualStudioVersion = 16.0.29709.97
MinimumVisualStudioVersion = 10.0.40219.1
Project("{FAE04EC0-301F-11D3-BF4B-00C04F79EFBC}") = "LifeAPI", "LifeAPI\LifeAPI.csproj", "{3FC97F70-1A3D-424E-91DB-F9EA2901E719}"
EndProject
Global
	GlobalSection(SolutionConfigurationPlatforms) = preSolution
		Debug|Any CPU = Debug|Any CPU
		Release|Any CPU = Release|Any CPU
	EndGlobalSection
	GlobalSection(ProjectConfigurationPlatforms) = postSolution
		{3FC97F70-1A3D-424E-91DB-F9EA2901E719}.Debug|Any CPU.ActiveCfg = Debug|Any CPU
		{3FC97F70-1A3D-424E-91DB-F9EA2901E719}.Debug|Any CPU.Build.0 = Debug|Any CPU
		{3FC97F70-1A3D-424E-91DB-F9EA2901E719}.Release|Any CPU.ActiveCfg = Release|Any CPU
		{3FC97F70-1A3D-424E-91DB-F9EA2901E719}.Release|Any CPU.Build.0 = Release|Any CPU
	EndGlobalSection
	GlobalSection(SolutionProperties) = preSolution
		HideSolutionNode = FALSE
	EndGlobalSection
	GlobalSection(ExtensibilityGlobals) = postSolution
		SolutionGuid = {FADC3713-22FF-4C61-A9A1-33FD96BF40F3}
	EndGlobalSection
EndGlobal
